
Microsoft Visual Studio Solution File, Format Version 12.00
# Visual Studio Version 17
VisualStudioVersion = 17.8.34316.72
MinimumVisualStudioVersion = 10.0.40219.1
Project("{FAE04EC0-301F-11D3-BF4B-00C04F79EFBC}") = "MakeEvent", "MakeEvent\MakeEvent.csproj", "{9F911A57-3CF8-4593-A4F2-9E43CFE221B9}"
EndProject
Global
	GlobalSection(SolutionConfigurationPlatforms) = preSolution
		Debug|Any CPU = Debug|Any CPU
		Release|Any CPU = Release|Any CPU
	EndGlobalSection
	GlobalSection(ProjectConfigurationPlatforms) = postSolution
		{9F911A57-3CF8-4593-A4F2-9E43CFE221B9}.Debug|Any CPU.ActiveCfg = Debug|Any CPU
		{9F911A57-3CF8-4593-A4F2-9E43CFE221B9}.Debug|Any CPU.Build.0 = Debug|Any CPU
		{9F911A57-3CF8-4593-A4F2-9E43CFE221B9}.Release|Any CPU.ActiveCfg = Release|Any CPU
		{9F911A57-3CF8-4593-A4F2-9E43CFE221B9}.Release|Any CPU.Build.0 = Release|Any CPU
	EndGlobalSection
	GlobalSection(SolutionProperties) = preSolution
		HideSolutionNode = FALSE
	EndGlobalSection
	GlobalSection(ExtensibilityGlobals) = postSolution
		SolutionGuid = {3FF94D17-75E9-4D07-A66B-45BE87B26B73}
	EndGlobalSection
EndGlobal
